// !$*UTF8*$!
{
	archiveVersion = 1;
	classes = {
	};
	objectVersion = 46;
	objects = {

/* Begin PBXBuildFile section */
		D715EE1119F146C100A06033 /* Foundation.framework in Frameworks */ = {isa = PBXBuildFile; fileRef = D715EE1019F146C100A06033 /* Foundation.framework */; };
		D715EE1319F146C100A06033 /* CoreGraphics.framework in Frameworks */ = {isa = PBXBuildFile; fileRef = D715EE1219F146C100A06033 /* CoreGraphics.framework */; };
		D715EE1519F146C100A06033 /* UIKit.framework in Frameworks */ = {isa = PBXBuildFile; fileRef = D715EE1419F146C100A06033 /* UIKit.framework */; };
		D715EE1B19F146C100A06033 /* InfoPlist.strings in Resources */ = {isa = PBXBuildFile; fileRef = D715EE1919F146C100A06033 /* InfoPlist.strings */; };
		D715EE1D19F146C100A06033 /* main.m in Sources */ = {isa = PBXBuildFile; fileRef = D715EE1C19F146C100A06033 /* main.m */; };
		D715EE2119F146C100A06033 /* YRAppDelegate.m in Sources */ = {isa = PBXBuildFile; fileRef = D715EE2019F146C100A06033 /* YRAppDelegate.m */; };
		D715EE2419F146C100A06033 /* Main.storyboard in Resources */ = {isa = PBXBuildFile; fileRef = D715EE2219F146C100A06033 /* Main.storyboard */; };
		D715EE2719F146C100A06033 /* YRViewController.m in Sources */ = {isa = PBXBuildFile; fileRef = D715EE2619F146C100A06033 /* YRViewController.m */; };
		D715EE2919F146C100A06033 /* Images.xcassets in Resources */ = {isa = PBXBuildFile; fileRef = D715EE2819F146C100A06033 /* Images.xcassets */; };
		D715EE3019F146C100A06033 /* XCTest.framework in Frameworks */ = {isa = PBXBuildFile; fileRef = D715EE2F19F146C100A06033 /* XCTest.framework */; };
		D715EE3119F146C100A06033 /* Foundation.framework in Frameworks */ = {isa = PBXBuildFile; fileRef = D715EE1019F146C100A06033 /* Foundation.framework */; };
		D715EE3219F146C100A06033 /* UIKit.framework in Frameworks */ = {isa = PBXBuildFile; fileRef = D715EE1419F146C100A06033 /* UIKit.framework */; };
		D715EE3A19F146C100A06033 /* InfoPlist.strings in Resources */ = {isa = PBXBuildFile; fileRef = D715EE3819F146C100A06033 /* InfoPlist.strings */; };
		D715EE3C19F146C100A06033 /* YR1017MapDemo2Tests.m in Sources */ = {isa = PBXBuildFile; fileRef = D715EE3B19F146C100A06033 /* YR1017MapDemo2Tests.m */; };
/* End PBXBuildFile section */

/* Begin PBXContainerItemProxy section */
		D715EE3319F146C100A06033 /* PBXContainerItemProxy */ = {
			isa = PBXContainerItemProxy;
			containerPortal = D715EE0519F146C100A06033 /* Project object */;
			proxyType = 1;
			remoteGlobalIDString = D715EE0C19F146C100A06033;
			remoteInfo = YR1017MapDemo2;
		};
/* End PBXContainerItemProxy section */

/* Begin PBXFileReference section */
		D715EE0D19F146C100A06033 /* YR1017MapDemo2.app */ = {isa = PBXFileReference; explicitFileType = wrapper.application; includeInIndex = 0; path = YR1017MapDemo2.app; sourceTree = BUILT_PRODUCTS_DIR; };
		D715EE1019F146C100A06033 /* Foundation.framework */ = {isa = PBXFileReference; lastKnownFileType = wrapper.framework; name = Foundation.framework; path = System/Library/Frameworks/Foundation.framework; sourceTree = SDKROOT; };
		D715EE1219F146C100A06033 /* CoreGraphics.framework */ = {isa = PBXFileReference; lastKnownFileType = wrapper.framework; name = CoreGraphics.framework; path = System/Library/Frameworks/CoreGraphics.framework; sourceTree = SDKROOT; };
		D715EE1419F146C100A06033 /* UIKit.framework */ = {isa = PBXFileReference; lastKnownFileType = wrapper.framework; name = UIKit.framework; path = System/Library/Frameworks/UIKit.framework; sourceTree = SDKROOT; };
		D715EE1819F146C100A06033 /* YR1017MapDemo2-Info.plist */ = {isa = PBXFileReference; lastKnownFileType = text.plist.xml; path = "YR1017MapDemo2-Info.plist"; sourceTree = "<group>"; };
		D715EE1A19F146C100A06033 /* en */ = {isa = PBXFileReference; lastKnownFileType = text.plist.strings; name = en; path = en.lproj/InfoPlist.strings; sourceTree = "<group>"; };
		D715EE1C19F146C100A06033 /* main.m */ = {isa = PBXFileReference; lastKnownFileType = sourcecode.c.objc; path = main.m; sourceTree = "<group>"; };
		D715EE1E19F146C100A06033 /* YR1017MapDemo2-Prefix.pch */ = {isa = PBXFileReference; lastKnownFileType = sourcecode.c.h; path = "YR1017MapDemo2-Prefix.pch"; sourceTree = "<group>"; };
		D715EE1F19F146C100A06033 /* YRAppDelegate.h */ = {isa = PBXFileReference; lastKnownFileType = sourcecode.c.h; path = YRAppDelegate.h; sourceTree = "<group>"; };
		D715EE2019F146C100A06033 /* YRAppDelegate.m */ = {isa = PBXFileReference; lastKnownFileType = sourcecode.c.objc; path = YRAppDelegate.m; sourceTree = "<group>"; };
		D715EE2319F146C100A06033 /* Base */ = {isa = PBXFileReference; lastKnownFileType = file.storyboard; name = Base; path = Base.lproj/Main.storyboard; sourceTree = "<group>"; };
		D715EE2519F146C100A06033 /* YRViewController.h */ = {isa = PBXFileReference; lastKnownFileType = sourcecode.c.h; path = YRViewController.h; sourceTree = "<group>"; };
		D715EE2619F146C100A06033 /* YRViewController.m */ = {isa = PBXFileReference; lastKnownFileType = sourcecode.c.objc; path = YRViewController.m; sourceTree = "<group>"; };
		D715EE2819F146C100A06033 /* Images.xcassets */ = {isa = PBXFileReference; lastKnownFileType = folder.assetcatalog; path = Images.xcassets; sourceTree = "<group>"; };
		D715EE2E19F146C100A06033 /* YR1017MapDemo2Tests.xctest */ = {isa = PBXFileReference; explicitFileType = wrapper.cfbundle; includeInIndex = 0; path = YR1017MapDemo2Tests.xctest; sourceTree = BUILT_PRODUCTS_DIR; };
		D715EE2F19F146C100A06033 /* XCTest.framework */ = {isa = PBXFileReference; lastKnownFileType = wrapper.framework; name = XCTest.framework; path = Library/Frameworks/XCTest.framework; sourceTree = DEVELOPER_DIR; };
		D715EE3719F146C100A06033 /* YR1017MapDemo2Tests-Info.plist */ = {isa = PBXFileReference; lastKnownFileType = text.plist.xml; path = "YR1017MapDemo2Tests-Info.plist"; sourceTree = "<group>"; };
		D715EE3919F146C100A06033 /* en */ = {isa = PBXFileReference; lastKnownFileType = text.plist.strings; name = en; path = en.lproj/InfoPlist.strings; sourceTree = "<group>"; };
		D715EE3B19F146C100A06033 /* YR1017MapDemo2Tests.m */ = {isa = PBXFileReference; lastKnownFileType = sourcecode.c.objc; path = YR1017MapDemo2Tests.m; sourceTree = "<group>"; };
/* End PBXFileReference section */

/* Begin PBXFrameworksBuildPhase section */
		D715EE0A19F146C100A06033 /* Frameworks */ = {
			isa = PBXFrameworksBuildPhase;
			buildActionMask = 2147483647;
			files = (
				D715EE1319F146C100A06033 /* CoreGraphics.framework in Frameworks */,
				D715EE1519F146C100A06033 /* UIKit.framework in Frameworks */,
				D715EE1119F146C100A06033 /* Foundation.framework in Frameworks */,
			);
			runOnlyForDeploymentPostprocessing = 0;
		};
		D715EE2B19F146C100A06033 /* Frameworks */ = {
			isa = PBXFrameworksBuildPhase;
			buildActionMask = 2147483647;
			files = (
				D715EE3019F146C100A06033 /* XCTest.framework in Frameworks */,
				D715EE3219F146C100A06033 /* UIKit.framework in Frameworks */,
				D715EE3119F146C100A06033 /* Foundation.framework in Frameworks */,
			);
			runOnlyForDeploymentPostprocessing = 0;
		};
/* End PBXFrameworksBuildPhase section */

/* Begin PBXGroup section */
		D715EE0419F146C100A06033 = {
			isa = PBXGroup;
			children = (
				D715EE1619F146C100A06033 /* YR1017MapDemo2 */,
				D715EE3519F146C100A06033 /* YR1017MapDemo2Tests */,
				D715EE0F19F146C100A06033 /* Frameworks */,
				D715EE0E19F146C100A06033 /* Products */,
			);
			sourceTree = "<group>";
		};
		D715EE0E19F146C100A06033 /* Products */ = {
			isa = PBXGroup;
			children = (
				D715EE0D19F146C100A06033 /* YR1017MapDemo2.app */,
				D715EE2E19F146C100A06033 /* YR1017MapDemo2Tests.xctest */,
			);
			name = Products;
			sourceTree = "<group>";
		};
		D715EE0F19F146C100A06033 /* Frameworks */ = {
			isa = PBXGroup;
			children = (
				D715EE1019F146C100A06033 /* Foundation.framework */,
				D715EE1219F146C100A06033 /* CoreGraphics.framework */,
				D715EE1419F146C100A06033 /* UIKit.framework */,
				D715EE2F19F146C100A06033 /* XCTest.framework */,
			);
			name = Frameworks;
			sourceTree = "<group>";
		};
		D715EE1619F146C100A06033 /* YR1017MapDemo2 */ = {
			isa = PBXGroup;
			children = (
				D715EE1F19F146C100A06033 /* YRAppDelegate.h */,
				D715EE2019F146C100A06033 /* YRAppDelegate.m */,
				D715EE2219F146C100A06033 /* Main.storyboard */,
				D715EE2519F146C100A06033 /* YRViewController.h */,
				D715EE2619F146C100A06033 /* YRViewController.m */,
				D715EE2819F146C100A06033 /* Images.xcassets */,
				D715EE1719F146C100A06033 /* Supporting Files */,
			);
			path = YR1017MapDemo2;
			sourceTree = "<group>";
		};
		D715EE1719F146C100A06033 /* Supporting Files */ = {
			isa = PBXGroup;
			children = (
				D715EE1819F146C100A06033 /* YR1017MapDemo2-Info.plist */,
				D715EE1919F146C100A06033 /* InfoPlist.strings */,
				D715EE1C19F146C100A06033 /* main.m */,
				D715EE1E19F146C100A06033 /* YR1017MapDemo2-Prefix.pch */,
			);
			name = "Supporting Files";
			sourceTree = "<group>";
		};
		D715EE3519F146C100A06033 /* YR1017MapDemo2Tests */ = {
			isa = PBXGroup;
			children = (
				D715EE3B19F146C100A06033 /* YR1017MapDemo2Tests.m */,
				D715EE3619F146C100A06033 /* Supporting Files */,
			);
			path = YR1017MapDemo2Tests;
			sourceTree = "<group>";
		};
		D715EE3619F146C100A06033 /* Supporting Files */ = {
			isa = PBXGroup;
			children = (
				D715EE3719F146C100A06033 /* YR1017MapDemo2Tests-Info.plist */,
				D715EE3819F146C100A06033 /* InfoPlist.strings */,
			);
			name = "Supporting Files";
			sourceTree = "<group>";
		};
/* End PBXGroup section */

/* Begin PBXNativeTarget section */
		D715EE0C19F146C100A06033 /* YR1017MapDemo2 */ = {
			isa = PBXNativeTarget;
			buildConfigurationList = D715EE3F19F146C100A06033 /* Build configuration list for PBXNativeTarget "YR1017MapDemo2" */;
			buildPhases = (
				D715EE0919F146C100A06033 /* Sources */,
				D715EE0A19F146C100A06033 /* Frameworks */,
				D715EE0B19F146C100A06033 /* Resources */,
			);
			buildRules = (
			);
			dependencies = (
			);
			name = YR1017MapDemo2;
			productName = YR1017MapDemo2;
			productReference = D715EE0D19F146C100A06033 /* YR1017MapDemo2.app */;
			productType = "com.apple.product-type.application";
		};
		D715EE2D19F146C100A06033 /* YR1017MapDemo2Tests */ = {
			isa = PBXNativeTarget;
			buildConfigurationList = D715EE4219F146C100A06033 /* Build configuration list for PBXNativeTarget "YR1017MapDemo2Tests" */;
			buildPhases = (
				D715EE2A19F146C100A06033 /* Sources */,
				D715EE2B19F146C100A06033 /* Frameworks */,
				D715EE2C19F146C100A06033 /* Resources */,
			);
			buildRules = (
			);
			dependencies = (
				D715EE3419F146C100A06033 /* PBXTargetDependency */,
			);
			name = YR1017MapDemo2Tests;
			productName = YR1017MapDemo2Tests;
			productReference = D715EE2E19F146C100A06033 /* YR1017MapDemo2Tests.xctest */;
			productType = "com.apple.product-type.bundle.unit-test";
		};
/* End PBXNativeTarget section */

/* Begin PBXProject section */
		D715EE0519F146C100A06033 /* Project object */ = {
			isa = PBXProject;
			attributes = {
				CLASSPREFIX = YR;
				LastUpgradeCheck = 0510;
				ORGANIZATIONNAME = "___FULLUSERNAME___";
				TargetAttributes = {
					D715EE2D19F146C100A06033 = {
						TestTargetID = D715EE0C19F146C100A06033;
					};
				};
			};
			buildConfigurationList = D715EE0819F146C100A06033 /* Build configuration list for PBXProject "YR1017MapDemo2" */;
			compatibilityVersion = "Xcode 3.2";
			developmentRegion = English;
			hasScannedForEncodings = 0;
			knownRegions = (
				en,
				Base,
			);
			mainGroup = D715EE0419F146C100A06033;
			productRefGroup = D715EE0E19F146C100A06033 /* Products */;
			projectDirPath = "";
			projectRoot = "";
			targets = (
				D715EE0C19F146C100A06033 /* YR1017MapDemo2 */,
				D715EE2D19F146C100A06033 /* YR1017MapDemo2Tests */,
			);
		};
/* End PBXProject section */

/* Begin PBXResourcesBuildPhase section */
		D715EE0B19F146C100A06033 /* Resources */ = {
			isa = PBXResourcesBuildPhase;
			buildActionMask = 2147483647;
			files = (
				D715EE2919F146C100A06033 /* Images.xcassets in Resources */,
				D715EE1B19F146C100A06033 /* InfoPlist.strings in Resources */,
				D715EE2419F146C100A06033 /* Main.storyboard in Resources */,
			);
			runOnlyForDeploymentPostprocessing = 0;
		};
		D715EE2C19F146C100A06033 /* Resources */ = {
			isa = PBXResourcesBuildPhase;
			buildActionMask = 2147483647;
			files = (
				D715EE3A19F146C100A06033 /* InfoPlist.strings in Resources */,
			);
			runOnlyForDeploymentPostprocessing = 0;
		};
/* End PBXResourcesBuildPhase section */

/* Begin PBXSourcesBuildPhase section */
		D715EE0919F146C100A06033 /* Sources */ = {
			isa = PBXSourcesBuildPhase;
			buildActionMask = 2147483647;
			files = (
				D715EE2719F146C100A06033 /* YRViewController.m in Sources */,
				D715EE1D19F146C100A06033 /* main.m in Sources */,
				D715EE2119F146C100A06033 /* YRAppDelegate.m in Sources */,
			);
			runOnlyForDeploymentPostprocessing = 0;
		};
		D715EE2A19F146C100A06033 /* Sources */ = {
			isa = PBXSourcesBuildPhase;
			buildActionMask = 2147483647;
			files = (
				D715EE3C19F146C100A06033 /* YR1017MapDemo2Tests.m in Sources */,
			);
			runOnlyForDeploymentPostprocessing = 0;
		};
/* End PBXSourcesBuildPhase section */

/* Begin PBXTargetDependency section */
		D715EE3419F146C100A06033 /* PBXTargetDependency */ = {
			isa = PBXTargetDependency;
			target = D715EE0C19F146C100A06033 /* YR1017MapDemo2 */;
			targetProxy = D715EE3319F146C100A06033 /* PBXContainerItemProxy */;
		};
/* End PBXTargetDependency section */

/* Begin PBXVariantGroup section */
		D715EE1919F146C100A06033 /* InfoPlist.strings */ = {
			isa = PBXVariantGroup;
			children = (
				D715EE1A19F146C100A06033 /* en */,
			);
			name = InfoPlist.strings;
			sourceTree = "<group>";
		};
		D715EE2219F146C100A06033 /* Main.storyboard */ = {
			isa = PBXVariantGroup;
			children = (
				D715EE2319F146C100A06033 /* Base */,
			);
			name = Main.storyboard;
			sourceTree = "<group>";
		};
		D715EE3819F146C100A06033 /* InfoPlist.strings */ = {
			isa = PBXVariantGroup;
			children = (
				D715EE3919F146C100A06033 /* en */,
			);
			name = InfoPlist.strings;
			sourceTree = "<group>";
		};
/* End PBXVariantGroup section */

/* Begin XCBuildConfiguration section */
		D715EE3D19F146C100A06033 /* Debug */ = {
			isa = XCBuildConfiguration;
			buildSettings = {
				ALWAYS_SEARCH_USER_PATHS = NO;
				CLANG_CXX_LANGUAGE_STANDARD = "gnu++0x";
				CLANG_CXX_LIBRARY = "libc++";
				CLANG_ENABLE_MODULES = YES;
				CLANG_ENABLE_OBJC_ARC = YES;
				CLANG_WARN_BOOL_CONVERSION = YES;
				CLANG_WARN_CONSTANT_CONVERSION = YES;
				CLANG_WARN_DIRECT_OBJC_ISA_USAGE = YES_ERROR;
				CLANG_WARN_EMPTY_BODY = YES;
				CLANG_WARN_ENUM_CONVERSION = YES;
				CLANG_WARN_INT_CONVERSION = YES;
				CLANG_WARN_OBJC_ROOT_CLASS = YES_ERROR;
				CLANG_WARN__DUPLICATE_METHOD_MATCH = YES;
				"CODE_SIGN_IDENTITY[sdk=iphoneos*]" = "iPhone Developer";
				COPY_PHASE_STRIP = NO;
				GCC_C_LANGUAGE_STANDARD = gnu99;
				GCC_DYNAMIC_NO_PIC = NO;
				GCC_OPTIMIZATION_LEVEL = 0;
				GCC_PREPROCESSOR_DEFINITIONS = (
					"DEBUG=1",
					"$(inherited)",
				);
				GCC_SYMBOLS_PRIVATE_EXTERN = NO;
				GCC_WARN_64_TO_32_BIT_CONVERSION = YES;
				GCC_WARN_ABOUT_RETURN_TYPE = YES_ERROR;
				GCC_WARN_UNDECLARED_SELECTOR = YES;
				GCC_WARN_UNINITIALIZED_AUTOS = YES_AGGRESSIVE;
				GCC_WARN_UNUSED_FUNCTION = YES;
				GCC_WARN_UNUSED_VARIABLE = YES;
				IPHONEOS_DEPLOYMENT_TARGET = 7.1;
				ONLY_ACTIVE_ARCH = YES;
				SDKROOT = iphoneos;
			};
			name = Debug;
		};
		D715EE3E19F146C100A06033 /* Release */ = {
			isa = XCBuildConfiguration;
			buildSettings = {
				ALWAYS_SEARCH_USER_PATHS = NO;
				CLANG_CXX_LANGUAGE_STANDARD = "gnu++0x";
				CLANG_CXX_LIBRARY = "libc++";
				CLANG_ENABLE_MODULES = YES;
				CLANG_ENABLE_OBJC_ARC = YES;
				CLANG_WARN_BOOL_CONVERSION = YES;
				CLANG_WARN_CONSTANT_CONVERSION = YES;
				CLANG_WARN_DIRECT_OBJC_ISA_USAGE = YES_ERROR;
				CLANG_WARN_EMPTY_BODY = YES;
				CLANG_WARN_ENUM_CONVERSION = YES;
				CLANG_WARN_INT_CONVERSION = YES;
				CLANG_WARN_OBJC_ROOT_CLASS = YES_ERROR;
				CLANG_WARN__DUPLICATE_METHOD_MATCH = YES;
				"CODE_SIGN_IDENTITY[sdk=iphoneos*]" = "iPhone Developer";
				COPY_PHASE_STRIP = YES;
				ENABLE_NS_ASSERTIONS = NO;
				GCC_C_LANGUAGE_STANDARD = gnu99;
				GCC_WARN_64_TO_32_BIT_CONVERSION = YES;
				GCC_WARN_ABOUT_RETURN_TYPE = YES_ERROR;
				GCC_WARN_UNDECLARED_SELECTOR = YES;
				GCC_WARN_UNINITIALIZED_AUTOS = YES_AGGRESSIVE;
				GCC_WARN_UNUSED_FUNCTION = YES;
				GCC_WARN_UNUSED_VARIABLE = YES;
				IPHONEOS_DEPLOYMENT_TARGET = 7.1;
				SDKROOT = iphoneos;
				VALIDATE_PRODUCT = YES;
			};
			name = Release;
		};
		D715EE4019F146C100A06033 /* Debug */ = {
			isa = XCBuildConfiguration;
			buildSettings = {
				ASSETCATALOG_COMPILER_APPICON_NAME = AppIcon;
				ASSETCATALOG_COMPILER_LAUNCHIMAGE_NAME = LaunchImage;
				GCC_PRECOMPILE_PREFIX_HEADER = YES;
				GCC_PREFIX_HEADER = "YR1017MapDemo2/YR1017MapDemo2-Prefix.pch";
				INFOPLIST_FILE = "YR1017MapDemo2/YR1017MapDemo2-Info.plist";
				PRODUCT_NAME = "$(TARGET_NAME)";
				WRAPPER_EXTENSION = app;
			};
			name = Debug;
		};
		D715EE4119F146C100A06033 /* Release */ = {
			isa = XCBuildConfiguration;
			buildSettings = {
				ASSETCATALOG_COMPILER_APPICON_NAME = AppIcon;
				ASSETCATALOG_COMPILER_LAUNCHIMAGE_NAME = LaunchImage;
				GCC_PRECOMPILE_PREFIX_HEADER = YES;
				GCC_PREFIX_HEADER = "YR1017MapDemo2/YR1017MapDemo2-Prefix.pch";
				INFOPLIST_FILE = "YR1017MapDemo2/YR1017MapDemo2-Info.plist";
				PRODUCT_NAME = "$(TARGET_NAME)";
				WRAPPER_EXTENSION = app;
			};
			name = Release;
		};
		D715EE4319F146C100A06033 /* Debug */ = {
			isa = XCBuildConfiguration;
			buildSettings = {
				BUNDLE_LOADER = "$(BUILT_PRODUCTS_DIR)/YR1017MapDemo2.app/YR1017MapDemo2";
				FRAMEWORK_SEARCH_PATHS = (
					"$(SDKROOT)/Developer/Library/Frameworks",
					"$(inherited)",
					"$(DEVELOPER_FRAMEWORKS_DIR)",
				);
				GCC_PRECOMPILE_PREFIX_HEADER = YES;
				GCC_PREFIX_HEADER = "YR1017MapDemo2/YR1017MapDemo2-Prefix.pch";
				GCC_PREPROCESSOR_DEFINITIONS = (
					"DEBUG=1",
					"$(inherited)",
				);
				INFOPLIST_FILE = "YR1017MapDemo2Tests/YR1017MapDemo2Tests-Info.plist";
				PRODUCT_NAME = "$(TARGET_NAME)";
				TEST_HOST = "$(BUNDLE_LOADER)";
				WRAPPER_EXTENSION = xctest;
			};
			name = Debug;
		};
		D715EE4419F146C100A06033 /* Release */ = {
			isa = XCBuildConfiguration;
			buildSettings = {
				BUNDLE_LOADER = "$(BUILT_PRODUCTS_DIR)/YR1017MapDemo2.app/YR1017MapDemo2";
				FRAMEWORK_SEARCH_PATHS = (
					"$(SDKROOT)/Developer/Library/Frameworks",
					"$(inherited)",
					"$(DEVELOPER_FRAMEWORKS_DIR)",
				);
				GCC_PRECOMPILE_PREFIX_HEADER = YES;
				GCC_PREFIX_HEADER = "YR1017MapDemo2/YR1017MapDemo2-Prefix.pch";
				INFOPLIST_FILE = "YR1017MapDemo2Tests/YR1017MapDemo2Tests-Info.plist";
				PRODUCT_NAME = "$(TARGET_NAME)";
				TEST_HOST = "$(BUNDLE_LOADER)";
				WRAPPER_EXTENSION = xctest;
			};
			name = Release;
		};
/* End XCBuildConfiguration section */

/* Begin XCConfigurationList section */
		D715EE0819F146C100A06033 /* Build configuration list for PBXProject "YR1017MapDemo2" */ = {
			isa = XCConfigurationList;
			buildConfigurations = (
				D715EE3D19F146C100A06033 /* Debug */,
				D715EE3E19F146C100A06033 /* Release */,
			);
			defaultConfigurationIsVisible = 0;
			defaultConfigurationName = Release;
		};
		D715EE3F19F146C100A06033 /* Build configuration list for PBXNativeTarget "YR1017MapDemo2" */ = {
			isa = XCConfigurationList;
			buildConfigurations = (
				D715EE4019F146C100A06033 /* Debug */,
				D715EE4119F146C100A06033 /* Release */,
			);
			defaultConfigurationIsVisible = 0;
		};
		D715EE4219F146C100A06033 /* Build configuration list for PBXNativeTarget "YR1017MapDemo2Tests" */ = {
			isa = XCConfigurationList;
			buildConfigurations = (
				D715EE4319F146C100A06033 /* Debug */,
				D715EE4419F146C100A06033 /* Release */,
			);
			defaultConfigurationIsVisible = 0;
		};
/* End XCConfigurationList section */
	};
	rootObject = D715EE0519F146C100A06033 /* Project object */;
}
